{
  "version": "5",
  "specifiers": {
    "jsr:@cliffy/command@^1.0.1": "1.0.1",
    "jsr:@cliffy/flags@1.0.1": "1.0.1",
    "jsr:@cliffy/internal@1.0.1": "1.0.1",
    "jsr:@cliffy/table@1.0.1": "1.0.1",
    "jsr:@std/fmt@^1.0.9": "1.0.10",
    "jsr:@std/text@^1.0.17": "1.0.18"
  },
  "jsr": {
    "@cliffy/command@1.0.1": {
      "integrity": "0172d9c7d8aeb26b8f4f44ffa833247e4fbab707e258ee271e10a2a2f87b531d",
      "dependencies": [
        "jsr:@cliffy/flags",
        "jsr:@cliffy/internal",
        "jsr:@cliffy/table",
        "jsr:@std/fmt",
        "jsr:@std/text"
      ]
    },
    "@cliffy/flags@1.0.1": {
      "integrity": "468dcf65acb33b51ecb2e232c30603209c528b1d1bd9e065921b57fcb342cb01",
      "dependencies": [
        "jsr:@cliffy/internal",
        "jsr:@std/text"
      ]
    },
    "@cliffy/internal@1.0.1": {
      "integrity": "9e2bba59ad559b790f09c57219c727a69f0179ebabc07f1bf9db25232b606760"
    },
    "@cliffy/table@1.0.1": {
      "integrity": "2b1baa3ef9e16ecb7f3fdcf1deb9f5fa5ffa308ea0e68478224a4c2d44d58166",
      "dependencies": [
        "jsr:@std/fmt"
      ]
    },
    "@std/fmt@1.0.10": {
      "integrity": "90dfba288802ac6de82fb31d0917eb9e4450b9925b954d5e51fc29ac07419db5"
    },
    "@std/text@1.0.18": {
      "integrity": "d199e516f80599813c64fd4aee5b8f26f6f7d1e1434c88fd153aeea6fea6a9b9"
    }
  },
  "workspace": {
    "dependencies": [
      "jsr:@cliffy/command@^1.0.1"
    ]
  }
}
